
Microsoft Visual Studio Solution File, Format Version 12.00
# Visual Studio Version 17
VisualStudioVersion = 17.4.33213.308
MinimumVisualStudioVersion = 10.0.40219.1
Project("{FAE04EC0-301F-11D3-BF4B-00C04F79EFBC}") = "CrudExample_Feb9", "CrudExample_Feb9\CrudExample_Feb9.csproj", "{C49472F1-1DD7-4D3B-AA3D-C3EE3CE9904E}"
EndProject
Global
	GlobalSection(SolutionConfigurationPlatforms) = preSolution
		Debug|Any CPU = Debug|Any CPU
		Release|Any CPU = Release|Any CPU
	EndGlobalSection
	GlobalSection(ProjectConfigurationPlatforms) = postSolution
		{C49472F1-1DD7-4D3B-AA3D-C3EE3CE9904E}.Debug|Any CPU.ActiveCfg = Debug|Any CPU
		{C49472F1-1DD7-4D3B-AA3D-C3EE3CE9904E}.Debug|Any CPU.Build.0 = Debug|Any CPU
		{C49472F1-1DD7-4D3B-AA3D-C3EE3CE9904E}.Release|Any CPU.ActiveCfg = Release|Any CPU
		{C49472F1-1DD7-4D3B-AA3D-C3EE3CE9904E}.Release|Any CPU.Build.0 = Release|Any CPU
	EndGlobalSection
	GlobalSection(SolutionProperties) = preSolution
		HideSolutionNode = FALSE
	EndGlobalSection
	GlobalSection(ExtensibilityGlobals) = postSolution
		SolutionGuid = {0530E03A-D7CF-4A3C-ACF6-FC8CFE6F3F87}
	EndGlobalSection
EndGlobal
